
Microsoft Visual Studio Solution File, Format Version 12.00
# Visual Studio Version 17
VisualStudioVersion = 17.1.32421.90
MinimumVisualStudioVersion = 10.0.40219.1
Project("{9A19103F-16F7-4668-BE54-9A1E7A4F7556}") = "TaskOrganizer", "TaskOrganizer\TaskOrganizer.csproj", "{863F39A7-32D6-4EB7-A55A-063C44E7B257}"
EndProject
Project("{9A19103F-16F7-4668-BE54-9A1E7A4F7556}") = "Database", "Database\Database.csproj", "{02B6120C-1F4E-42C0-88CC-8FE914FA0407}"
EndProject
Global
	GlobalSection(SolutionConfigurationPlatforms) = preSolution
		Debug|Any CPU = Debug|Any CPU
		Release|Any CPU = Release|Any CPU
	EndGlobalSection
	GlobalSection(ProjectConfigurationPlatforms) = postSolution
		{863F39A7-32D6-4EB7-A55A-063C44E7B257}.Debug|Any CPU.ActiveCfg = Debug|Any CPU
		{863F39A7-32D6-4EB7-A55A-063C44E7B257}.Debug|Any CPU.Build.0 = Debug|Any CPU
		{863F39A7-32D6-4EB7-A55A-063C44E7B257}.Release|Any CPU.ActiveCfg = Release|Any CPU
		{863F39A7-32D6-4EB7-A55A-063C44E7B257}.Release|Any CPU.Build.0 = Release|Any CPU
		{02B6120C-1F4E-42C0-88CC-8FE914FA0407}.Debug|Any CPU.ActiveCfg = Debug|Any CPU
		{02B6120C-1F4E-42C0-88CC-8FE914FA0407}.Debug|Any CPU.Build.0 = Debug|Any CPU
		{02B6120C-1F4E-42C0-88CC-8FE914FA0407}.Release|Any CPU.ActiveCfg = Release|Any CPU
		{02B6120C-1F4E-42C0-88CC-8FE914FA0407}.Release|Any CPU.Build.0 = Release|Any CPU
	EndGlobalSection
	GlobalSection(SolutionProperties) = preSolution
		HideSolutionNode = FALSE
	EndGlobalSection
	GlobalSection(ExtensibilityGlobals) = postSolution
		SolutionGuid = {14B75D0D-1D05-4AE7-A9ED-324F89705913}
	EndGlobalSection
EndGlobal
